// !$*UTF8*$!
{
 archiveVersion = 1;
 classes = {};
 objectVersion = 56;
 objects = {
  A10000000000000000000001 = {isa = PBXBuildFile; fileRef = B10000000000000000000001; };
  A10000000000000000000002 = {isa = PBXBuildFile; fileRef = B10000000000000000000002; };
  A10000000000000000000003 = {isa = PBXBuildFile; fileRef = B10000000000000000000003; };
  A10000000000000000000004 = {isa = PBXBuildFile; fileRef = B10000000000000000000004; };
  A10000000000000000000005 = {isa = PBXBuildFile; fileRef = B10000000000000000000005; };
  A10000000000000000000006 = {isa = PBXBuildFile; fileRef = B10000000000000000000006; };
  B10000000000000000000000 = {isa = PBXFileReference; explicitFileType = wrapper.application; includeInIndex = 0; path = MiaoLibrary.app; sourceTree = BUILT_PRODUCTS_DIR; };
  B10000000000000000000001 = {isa = PBXFileReference; lastKnownFileType = sourcecode.swift; path = MiaoLibraryApp.swift; sourceTree = "<group>"; };
  B10000000000000000000002 = {isa = PBXFileReference; lastKnownFileType = sourcecode.swift; path = Models.swift; sourceTree = "<group>"; };
  B10000000000000000000003 = {isa = PBXFileReference; lastKnownFileType = sourcecode.swift; path = Gateway.swift; sourceTree = "<group>"; };
  B10000000000000000000004 = {isa = PBXFileReference; lastKnownFileType = sourcecode.swift; path = Keychain.swift; sourceTree = "<group>"; };
  B10000000000000000000005 = {isa = PBXFileReference; lastKnownFileType = sourcecode.swift; path = Notifications.swift; sourceTree = "<group>"; };
  B10000000000000000000006 = {isa = PBXFileReference; lastKnownFileType = sourcecode.swift; path = Views.swift; sourceTree = "<group>"; };
  B10000000000000000000007 = {isa = PBXFileReference; lastKnownFileType = text.plist.xml; path = Config/Info.plist; sourceTree = "<group>"; };
  C10000000000000000000001 = {isa = PBXFrameworksBuildPhase; buildActionMask = 2147483647; files = (); runOnlyForDeploymentPostprocessing = 0; };
  D10000000000000000000000 = {isa = PBXGroup; children = (D10000000000000000000001, D10000000000000000000002); sourceTree = "<group>"; };
  D10000000000000000000001 = {isa = PBXGroup; children = (D10000000000000000000003, B10000000000000000000007); path = ""; sourceTree = "<group>"; };
  D10000000000000000000002 = {isa = PBXGroup; children = (B10000000000000000000000); name = Products; sourceTree = "<group>"; };
  D10000000000000000000003 = {isa = PBXGroup; children = (B10000000000000000000001, B10000000000000000000002, B10000000000000000000003, B10000000000000000000004, B10000000000000000000005, B10000000000000000000006); path = Sources/MiaoLibrary; sourceTree = "<group>"; };
  E10000000000000000000001 = {isa = PBXNativeTarget; buildConfigurationList = E10000000000000000000002; buildPhases = (E10000000000000000000003, C10000000000000000000001); buildRules = (); dependencies = (); name = MiaoLibrary; productName = MiaoLibrary; productReference = B10000000000000000000000; productType = "com.apple.product-type.application"; };
  F10000000000000000000001 = {isa = PBXProject; attributes = {LastUpgradeCheck = 1600; TargetAttributes = {E10000000000000000000001 = {CreatedOnToolsVersion = 16.0; }; }; }; buildConfigurationList = F10000000000000000000002; compatibilityVersion = "Xcode 14.0"; developmentRegion = en; hasScannedForEncodings = 0; knownRegions = (en, Base); mainGroup = D10000000000000000000000; productRefGroup = D10000000000000000000002; projectDirPath = ""; projectRoot = ""; targets = (E10000000000000000000001); };
  E10000000000000000000003 = {isa = PBXSourcesBuildPhase; buildActionMask = 2147483647; files = (A10000000000000000000001, A10000000000000000000002, A10000000000000000000003, A10000000000000000000004, A10000000000000000000005, A10000000000000000000006); runOnlyForDeploymentPostprocessing = 0; };
  E20000000000000000000001 = {isa = XCBuildConfiguration; buildSettings = {ALWAYS_SEARCH_USER_PATHS = NO; ASSETCATALOG_COMPILER_APPICON_NAME = AppIcon; CLANG_ENABLE_MODULES = YES; CODE_SIGNING_ALLOWED = NO; CODE_SIGNING_REQUIRED = NO; CURRENT_PROJECT_VERSION = 1; DEVELOPMENT_TEAM = ""; GENERATE_INFOPLIST_FILE = NO; INFOPLIST_FILE = Config/Info.plist; IPHONEOS_DEPLOYMENT_TARGET = 16.0; PRODUCT_BUNDLE_IDENTIFIER = in.miaolibrary.app.ios; PRODUCT_NAME = "$(TARGET_NAME)"; SDKROOT = iphoneos; SWIFT_VERSION = 5.9; TARGETED_DEVICE_FAMILY = "1,2"; }; };
  E20000000000000000000002 = {isa = XCBuildConfiguration; buildSettings = {ALWAYS_SEARCH_USER_PATHS = NO; ASSETCATALOG_COMPILER_APPICON_NAME = AppIcon; CLANG_ENABLE_MODULES = YES; CODE_SIGNING_ALLOWED = NO; CODE_SIGNING_REQUIRED = NO; CURRENT_PROJECT_VERSION = 1; DEVELOPMENT_TEAM = ""; GENERATE_INFOPLIST_FILE = NO; INFOPLIST_FILE = Config/Info.plist; IPHONEOS_DEPLOYMENT_TARGET = 16.0; PRODUCT_BUNDLE_IDENTIFIER = in.miaolibrary.app.ios; PRODUCT_NAME = "$(TARGET_NAME)"; SDKROOT = iphoneos; SWIFT_VERSION = 5.9; TARGETED_DEVICE_FAMILY = "1,2"; }; };
  E10000000000000000000002 = {isa = XCConfigurationList; buildConfigurations = (E20000000000000000000001, E20000000000000000000002); defaultConfigurationIsVisible = 0; defaultConfigurationName = Release; };
  F10000000000000000000002 = {isa = XCConfigurationList; buildConfigurations = (E20000000000000000000001, E20000000000000000000002); defaultConfigurationIsVisible = 0; defaultConfigurationName = Release; };
 };
 rootObject = F10000000000000000000001;
}