// !$*UTF8*$!
{
 archiveVersion = 1;
 classes = {};
 objectVersion = 56;
 objects = {

/* Begin PBXBuildFile section */
  A10000000000000000000001 /* MiaoLibraryApp.swift in Sources */ = {isa = PBXBuildFile; fileRef = B10000000000000000000001 /* MiaoLibraryApp.swift */; };
  A10000000000000000000002 /* Models.swift in Sources */ = {isa = PBXBuildFile; fileRef = B10000000000000000000002 /* Models.swift */; };
  A10000000000000000000003 /* Gateway.swift in Sources */ = {isa = PBXBuildFile; fileRef = B10000000000000000000003 /* Gateway.swift */; };
  A10000000000000000000004 /* Keychain.swift in Sources */ = {isa = PBXBuildFile; fileRef = B10000000000000000000004 /* Keychain.swift */; };
  A10000000000000000000005 /* Notifications.swift in Sources */ = {isa = PBXBuildFile; fileRef = B10000000000000000000005 /* Notifications.swift */; };
  A10000000000000000000006 /* Views.swift in Sources */ = {isa = PBXBuildFile; fileRef = B10000000000000000000006 /* Views.swift */; };
/* End PBXBuildFile section */

/* Begin PBXFileReference section */
  B10000000000000000000000 /* MiaoLibrary.app */ = {isa = PBXFileReference; explicitFileType = wrapper.application; includeInIndex = 0; path = MiaoLibrary.app; sourceTree = BUILT_PRODUCTS_DIR; };
  B10000000000000000000001 /* MiaoLibraryApp.swift */ = {isa = PBXFileReference; lastKnownFileType = sourcecode.swift; path = MiaoLibraryApp.swift; sourceTree = "<group>"; };
  B10000000000000000000002 /* Models.swift */ = {isa = PBXFileReference; lastKnownFileType = sourcecode.swift; path = Models.swift; sourceTree = "<group>"; };
  B10000000000000000000003 /* Gateway.swift */ = {isa = PBXFileReference; lastKnownFileType = sourcecode.swift; path = Gateway.swift; sourceTree = "<group>"; };
  B10000000000000000000004 /* Keychain.swift */ = {isa = PBXFileReference; lastKnownFileType = sourcecode.swift; path = Keychain.swift; sourceTree = "<group>"; };
  B10000000000000000000005 /* Notifications.swift */ = {isa = PBXFileReference; lastKnownFileType = sourcecode.swift; path = Notifications.swift; sourceTree = "<group>"; };
  B10000000000000000000006 /* Views.swift */ = {isa = PBXFileReference; lastKnownFileType = sourcecode.swift; path = Views.swift; sourceTree = "<group>"; };
  B10000000000000000000007 /* Info.plist */ = {isa = PBXFileReference; lastKnownFileType = text.plist.xml; path = Config/Info.plist; sourceTree = "<group>"; };
/* End PBXFileReference section */

/* Begin PBXFrameworksBuildPhase section */
  C10000000000000000000001 /* Frameworks */ = {isa = PBXFrameworksBuildPhase; buildActionMask = 2147483647; files = (); runOnlyForDeploymentPostprocessing = 0; };
/* End PBXFrameworksBuildPhase section */

/* Begin PBXGroup section */
  D10000000000000000000000 = {isa = PBXGroup; children = (D10000000000000000000001 /* MiaoLibrary */, D10000000000000000000002 /* Products */); sourceTree = "<group>"; };
  D10000000000000000000001 /* MiaoLibrary */ = {isa = PBXGroup; children = (D10000000000000000000003 /* Sources */, B10000000000000000000007 /* Info.plist */, ); path = ""; sourceTree = "<group>"; };
  D10000000000000000000002 /* Products */ = {isa = PBXGroup; children = (B10000000000000000000000 /* MiaoLibrary.app */); name = Products; sourceTree = "<group>"; };
  D10000000000000000000003 /* Sources */ = {isa = PBXGroup; children = (B10000000000000000000001, B10000000000000000000002, B10000000000000000000003, B10000000000000000000004, B10000000000000000000005, B10000000000000000000006); path = Sources/MiaoLibrary; sourceTree = "<group>"; };
/* End PBXGroup section */

/* Begin PBXNativeTarget section */
  E10000000000000000000001 /* MiaoLibrary */ = {isa = PBXNativeTarget; buildConfigurationList = E10000000000000000000002 /* Build configuration list for PBXNativeTarget "MiaoLibrary" */; buildPhases = (E10000000000000000000003 /* Sources */, C10000000000000000000001 /* Frameworks */, ); buildRules = (); dependencies = (); name = MiaoLibrary; productName = MiaoLibrary; productReference = B10000000000000000000000 /* MiaoLibrary.app */; productType = "com.apple.product-type.application"; };
/* End PBXNativeTarget section */

/* Begin PBXProject section */
  F10000000000000000000001 /* Project object */ = {isa = PBXProject; attributes = {LastUpgradeCheck = 1600; TargetAttributes = {E10000000000000000000001 = {CreatedOnToolsVersion = 16.0; }; }; }; buildConfigurationList = F10000000000000000000002 /* Build configuration list for PBXProject "MiaoLibrary" */; compatibilityVersion = "Xcode 14.0"; developmentRegion = en; hasScannedForEncodings = 0; knownRegions = (en, Base, ); mainGroup = D10000000000000000000000; productRefGroup = D10000000000000000000002 /* Products */; projectDirPath = ""; projectRoot = ""; targets = (E10000000000000000000001 /* MiaoLibrary */, ); };
/* End PBXProject section */

/* Begin PBXSourcesBuildPhase section */
  E10000000000000000000003 /* Sources */ = {isa = PBXSourcesBuildPhase; buildActionMask = 2147483647; files = (A10000000000000000000001, A10000000000000000000002, A10000000000000000000003, A10000000000000000000004, A10000000000000000000005, A10000000000000000000006); runOnlyForDeploymentPostprocessing = 0; };
/* End PBXSourcesBuildPhase section */

/* Begin XCBuildConfiguration section */
  E20000000000000000000001 /* Debug */ = {isa = XCBuildConfiguration; buildSettings = {ALWAYS_SEARCH_USER_PATHS = NO; ASSETCATALOG_COMPILER_APPICON_NAME = AppIcon; CLANG_ENABLE_MODULES = YES; CODE_SIGNING_ALLOWED = NO; CODE_SIGNING_REQUIRED = NO; CURRENT_PROJECT_VERSION = 1; DEVELOPMENT_TEAM = ""; GENERATE_INFOPLIST_FILE = NO; INFOPLIST_FILE = Config/Info.plist; IPHONEOS_DEPLOYMENT_TARGET = 16.0; PRODUCT_BUNDLE_IDENTIFIER = in.miaolibrary.app.ios; PRODUCT_NAME = "$(TARGET_NAME)"; SDKROOT = iphoneos; SWIFT_VERSION = 5.9; TARGETED_DEVICE_FAMILY = "1,2"; };
  E20000000000000000000002 /* Release */ = {isa = XCBuildConfiguration; buildSettings = {ALWAYS_SEARCH_USER_PATHS = NO; ASSETCATALOG_COMPILER_APPICON_NAME = AppIcon; CLANG_ENABLE_MODULES = YES; CODE_SIGNING_ALLOWED = NO; CODE_SIGNING_REQUIRED = NO; CURRENT_PROJECT_VERSION = 1; DEVELOPMENT_TEAM = ""; GENERATE_INFOPLIST_FILE = NO; INFOPLIST_FILE = Config/Info.plist; IPHONEOS_DEPLOYMENT_TARGET = 16.0; PRODUCT_BUNDLE_IDENTIFIER = in.miaolibrary.app.ios; PRODUCT_NAME = "$(TARGET_NAME)"; SDKROOT = iphoneos; SWIFT_VERSION = 5.9; TARGETED_DEVICE_FAMILY = "1,2"; };
/* End XCBuildConfiguration section */

/* Begin XCConfigurationList section */
  E10000000000000000000002 /* Build configuration list for PBXNativeTarget "MiaoLibrary" */ = {isa = XCConfigurationList; buildConfigurations = (E20000000000000000000001, E20000000000000000000002); defaultConfigurationIsVisible = 0; defaultConfigurationName = Release; };
  F10000000000000000000002 /* Build configuration list for PBXProject "MiaoLibrary" */ = {isa = XCConfigurationList; buildConfigurations = (E20000000000000000000001, E20000000000000000000002); defaultConfigurationIsVisible = 0; defaultConfigurationName = Release; };
/* End XCConfigurationList section */
 };
 rootObject = F10000000000000000000001 /* Project object */;
}
